
Microsoft Visual Studio Solution File, Format Version 12.00
# Visual Studio Version 17
VisualStudioVersion = 17.10.34928.147
MinimumVisualStudioVersion = 10.0.40219.1
Project("{9A19103F-16F7-4668-BE54-9A1E7A4F7556}") = "BlogApi", "BlogApi.csproj", "{85BC1BE4-DE44-4791-8ED8-DC2D3BFA4239}"
EndProject
Global
	GlobalSection(SolutionConfigurationPlatforms) = preSolution
		Debug|Any CPU = Debug|Any CPU
		Release|Any CPU = Release|Any CPU
	EndGlobalSection
	GlobalSection(ProjectConfigurationPlatforms) = postSolution
		{85BC1BE4-DE44-4791-8ED8-DC2D3BFA4239}.Debug|Any CPU.ActiveCfg = Debug|Any CPU
		{85BC1BE4-DE44-4791-8ED8-DC2D3BFA4239}.Debug|Any CPU.Build.0 = Debug|Any CPU
		{85BC1BE4-DE44-4791-8ED8-DC2D3BFA4239}.Release|Any CPU.ActiveCfg = Release|Any CPU
		{85BC1BE4-DE44-4791-8ED8-DC2D3BFA4239}.Release|Any CPU.Build.0 = Release|Any CPU
	EndGlobalSection
	GlobalSection(SolutionProperties) = preSolution
		HideSolutionNode = FALSE
	EndGlobalSection
	GlobalSection(ExtensibilityGlobals) = postSolution
		SolutionGuid = {57ACF20B-6987-4CBC-BA41-77E011173267}
	EndGlobalSection
EndGlobal
